// !$*UTF8*$!
{
	archiveVersion = 1;
	classes = {
	};
	objectVersion = 50;
	objects = {

/* Begin PBXBuildFile section */
		1870DF5D224758AF00A82685 /* AppDelegate.swift in Sources */ = {isa = PBXBuildFile; fileRef = 1870DF5C224758AF00A82685 /* AppDelegate.swift */; };
		1870DF5F224758AF00A82685 /* ViewController.swift in Sources */ = {isa = PBXBuildFile; fileRef = 1870DF5E224758AF00A82685 /* ViewController.swift */; };
		1870DF62224758B000A82685 /* Main.storyboard in Resources */ = {isa = PBXBuildFile; fileRef = 1870DF60224758AF00A82685 /* Main.storyboard */; };
		1870DF64224758B100A82685 /* Assets.xcassets in Resources */ = {isa = PBXBuildFile; fileRef = 1870DF63224758B100A82685 /* Assets.xcassets */; };
		1870DF67224758B100A82685 /* LaunchScreen.storyboard in Resources */ = {isa = PBXBuildFile; fileRef = 1870DF65224758B100A82685 /* LaunchScreen.storyboard */; };
		1870DF72224758B200A82685 /* TypedNotificationsTests.swift in Sources */ = {isa = PBXBuildFile; fileRef = 1870DF71224758B200A82685 /* TypedNotificationsTests.swift */; };
		1870DF7D224758B200A82685 /* TypedNotificationsUITests.swift in Sources */ = {isa = PBXBuildFile; fileRef = 1870DF7C224758B200A82685 /* TypedNotificationsUITests.swift */; };
		1870DF8B2247597000A82685 /* TypedNotifications.swift in Sources */ = {isa = PBXBuildFile; fileRef = 1870DF8A2247597000A82685 /* TypedNotifications.swift */; };
		1870DF8D22475BEA00A82685 /* CommentChangeNotification.swift in Sources */ = {isa = PBXBuildFile; fileRef = 1870DF8C22475BEA00A82685 /* CommentChangeNotification.swift */; };
/* End PBXBuildFile section */

/* Begin PBXContainerItemProxy section */
		1870DF6E224758B200A82685 /* PBXContainerItemProxy */ = {
			isa = PBXContainerItemProxy;
			containerPortal = 1870DF51224758AF00A82685 /* Project object */;
			proxyType = 1;
			remoteGlobalIDString = 1870DF58224758AF00A82685;
			remoteInfo = TypedNotifications;
		};
		1870DF79224758B200A82685 /* PBXContainerItemProxy */ = {
			isa = PBXContainerItemProxy;
			containerPortal = 1870DF51224758AF00A82685 /* Project object */;
			proxyType = 1;
			remoteGlobalIDString = 1870DF58224758AF00A82685;
			remoteInfo = TypedNotifications;
		};
/* End PBXContainerItemProxy section */

/* Begin PBXFileReference section */
		1870DF59224758AF00A82685 /* TypedNotifications.app */ = {isa = PBXFileReference; explicitFileType = wrapper.application; includeInIndex = 0; path = TypedNotifications.app; sourceTree = BUILT_PRODUCTS_DIR; };
		1870DF5C224758AF00A82685 /* AppDelegate.swift */ = {isa = PBXFileReference; lastKnownFileType = sourcecode.swift; path = AppDelegate.swift; sourceTree = "<group>"; };
		1870DF5E224758AF00A82685 /* ViewController.swift */ = {isa = PBXFileReference; lastKnownFileType = sourcecode.swift; path = ViewController.swift; sourceTree = "<group>"; };
		1870DF61224758AF00A82685 /* Base */ = {isa = PBXFileReference; lastKnownFileType = file.storyboard; name = Base; path = Base.lproj/Main.storyboard; sourceTree = "<group>"; };
		1870DF63224758B100A82685 /* Assets.xcassets */ = {isa = PBXFileReference; lastKnownFileType = folder.assetcatalog; path = Assets.xcassets; sourceTree = "<group>"; };
		1870DF66224758B100A82685 /* Base */ = {isa = PBXFileReference; lastKnownFileType = file.storyboard; name = Base; path = Base.lproj/LaunchScreen.storyboard; sourceTree = "<group>"; };
		1870DF68224758B100A82685 /* Info.plist */ = {isa = PBXFileReference; lastKnownFileType = text.plist.xml; path = Info.plist; sourceTree = "<group>"; };
		1870DF6D224758B200A82685 /* TypedNotificationsTests.xctest */ = {isa = PBXFileReference; explicitFileType = wrapper.cfbundle; includeInIndex = 0; path = TypedNotificationsTests.xctest; sourceTree = BUILT_PRODUCTS_DIR; };
		1870DF71224758B200A82685 /* TypedNotificationsTests.swift */ = {isa = PBXFileReference; lastKnownFileType = sourcecode.swift; path = TypedNotificationsTests.swift; sourceTree = "<group>"; };
		1870DF73224758B200A82685 /* Info.plist */ = {isa = PBXFileReference; lastKnownFileType = text.plist.xml; path = Info.plist; sourceTree = "<group>"; };
		1870DF78224758B200A82685 /* TypedNotificationsUITests.xctest */ = {isa = PBXFileReference; explicitFileType = wrapper.cfbundle; includeInIndex = 0; path = TypedNotificationsUITests.xctest; sourceTree = BUILT_PRODUCTS_DIR; };
		1870DF7C224758B200A82685 /* TypedNotificationsUITests.swift */ = {isa = PBXFileReference; lastKnownFileType = sourcecode.swift; path = TypedNotificationsUITests.swift; sourceTree = "<group>"; };
		1870DF7E224758B200A82685 /* Info.plist */ = {isa = PBXFileReference; lastKnownFileType = text.plist.xml; path = Info.plist; sourceTree = "<group>"; };
		1870DF8A2247597000A82685 /* TypedNotifications.swift */ = {isa = PBXFileReference; lastKnownFileType = sourcecode.swift; path = TypedNotifications.swift; sourceTree = "<group>"; };
		1870DF8C22475BEA00A82685 /* CommentChangeNotification.swift */ = {isa = PBXFileReference; lastKnownFileType = sourcecode.swift; path = CommentChangeNotification.swift; sourceTree = "<group>"; };
/* End PBXFileReference section */

/* Begin PBXFrameworksBuildPhase section */
		1870DF56224758AF00A82685 /* Frameworks */ = {
			isa = PBXFrameworksBuildPhase;
			buildActionMask = 2147483647;
			files = (
			);
			runOnlyForDeploymentPostprocessing = 0;
		};
		1870DF6A224758B200A82685 /* Frameworks */ = {
			isa = PBXFrameworksBuildPhase;
			buildActionMask = 2147483647;
			files = (
			);
			runOnlyForDeploymentPostprocessing = 0;
		};
		1870DF75224758B200A82685 /* Frameworks */ = {
			isa = PBXFrameworksBuildPhase;
			buildActionMask = 2147483647;
			files = (
			);
			runOnlyForDeploymentPostprocessing = 0;
		};
/* End PBXFrameworksBuildPhase section */

/* Begin PBXGroup section */
		1870DF50224758AF00A82685 = {
			isa = PBXGroup;
			children = (
				1870DF5B224758AF00A82685 /* TypedNotifications */,
				1870DF70224758B200A82685 /* TypedNotificationsTests */,
				1870DF7B224758B200A82685 /* TypedNotificationsUITests */,
				1870DF5A224758AF00A82685 /* Products */,
			);
			sourceTree = "<group>";
		};
		1870DF5A224758AF00A82685 /* Products */ = {
			isa = PBXGroup;
			children = (
				1870DF59224758AF00A82685 /* TypedNotifications.app */,
				1870DF6D224758B200A82685 /* TypedNotificationsTests.xctest */,
				1870DF78224758B200A82685 /* TypedNotificationsUITests.xctest */,
			);
			name = Products;
			sourceTree = "<group>";
		};
		1870DF5B224758AF00A82685 /* TypedNotifications */ = {
			isa = PBXGroup;
			children = (
				1870DF5C224758AF00A82685 /* AppDelegate.swift */,
				1870DF5E224758AF00A82685 /* ViewController.swift */,
				1870DF60224758AF00A82685 /* Main.storyboard */,
				1870DF63224758B100A82685 /* Assets.xcassets */,
				1870DF65224758B100A82685 /* LaunchScreen.storyboard */,
				1870DF68224758B100A82685 /* Info.plist */,
				1870DF8A2247597000A82685 /* TypedNotifications.swift */,
				1870DF8C22475BEA00A82685 /* CommentChangeNotification.swift */,
			);
			path = TypedNotifications;
			sourceTree = "<group>";
		};
		1870DF70224758B200A82685 /* TypedNotificationsTests */ = {
			isa = PBXGroup;
			children = (
				1870DF71224758B200A82685 /* TypedNotificationsTests.swift */,
				1870DF73224758B200A82685 /* Info.plist */,
			);
			path = TypedNotificationsTests;
			sourceTree = "<group>";
		};
		1870DF7B224758B200A82685 /* TypedNotificationsUITests */ = {
			isa = PBXGroup;
			children = (
				1870DF7C224758B200A82685 /* TypedNotificationsUITests.swift */,
				1870DF7E224758B200A82685 /* Info.plist */,
			);
			path = TypedNotificationsUITests;
			sourceTree = "<group>";
		};
/* End PBXGroup section */

/* Begin PBXNativeTarget section */
		1870DF58224758AF00A82685 /* TypedNotifications */ = {
			isa = PBXNativeTarget;
			buildConfigurationList = 1870DF81224758B200A82685 /* Build configuration list for PBXNativeTarget "TypedNotifications" */;
			buildPhases = (
				1870DF55224758AF00A82685 /* Sources */,
				1870DF56224758AF00A82685 /* Frameworks */,
				1870DF57224758AF00A82685 /* Resources */,
			);
			buildRules = (
			);
			dependencies = (
			);
			name = TypedNotifications;
			productName = TypedNotifications;
			productReference = 1870DF59224758AF00A82685 /* TypedNotifications.app */;
			productType = "com.apple.product-type.application";
		};
		1870DF6C224758B200A82685 /* TypedNotificationsTests */ = {
			isa = PBXNativeTarget;
			buildConfigurationList = 1870DF84224758B200A82685 /* Build configuration list for PBXNativeTarget "TypedNotificationsTests" */;
			buildPhases = (
				1870DF69224758B200A82685 /* Sources */,
				1870DF6A224758B200A82685 /* Frameworks */,
				1870DF6B224758B200A82685 /* Resources */,
			);
			buildRules = (
			);
			dependencies = (
				1870DF6F224758B200A82685 /* PBXTargetDependency */,
			);
			name = TypedNotificationsTests;
			productName = TypedNotificationsTests;
			productReference = 1870DF6D224758B200A82685 /* TypedNotificationsTests.xctest */;
			productType = "com.apple.product-type.bundle.unit-test";
		};
		1870DF77224758B200A82685 /* TypedNotificationsUITests */ = {
			isa = PBXNativeTarget;
			buildConfigurationList = 1870DF87224758B200A82685 /* Build configuration list for PBXNativeTarget "TypedNotificationsUITests" */;
			buildPhases = (
				1870DF74224758B200A82685 /* Sources */,
				1870DF75224758B200A82685 /* Frameworks */,
				1870DF76224758B200A82685 /* Resources */,
			);
			buildRules = (
			);
			dependencies = (
				1870DF7A224758B200A82685 /* PBXTargetDependency */,
			);
			name = TypedNotificationsUITests;
			productName = TypedNotificationsUITests;
			productReference = 1870DF78224758B200A82685 /* TypedNotificationsUITests.xctest */;
			productType = "com.apple.product-type.bundle.ui-testing";
		};
/* End PBXNativeTarget section */

/* Begin PBXProject section */
		1870DF51224758AF00A82685 /* Project object */ = {
			isa = PBXProject;
			attributes = {
				LastSwiftUpdateCheck = 1010;
				LastUpgradeCheck = 1010;
				ORGANIZATIONNAME = laofeng;
				TargetAttributes = {
					1870DF58224758AF00A82685 = {
						CreatedOnToolsVersion = 10.1;
					};
					1870DF6C224758B200A82685 = {
						CreatedOnToolsVersion = 10.1;
						TestTargetID = 1870DF58224758AF00A82685;
					};
					1870DF77224758B200A82685 = {
						CreatedOnToolsVersion = 10.1;
						TestTargetID = 1870DF58224758AF00A82685;
					};
				};
			};
			buildConfigurationList = 1870DF54224758AF00A82685 /* Build configuration list for PBXProject "TypedNotifications" */;
			compatibilityVersion = "Xcode 9.3";
			developmentRegion = en;
			hasScannedForEncodings = 0;
			knownRegions = (
				en,
				Base,
			);
			mainGroup = 1870DF50224758AF00A82685;
			productRefGroup = 1870DF5A224758AF00A82685 /* Products */;
			projectDirPath = "";
			projectRoot = "";
			targets = (
				1870DF58224758AF00A82685 /* TypedNotifications */,
				1870DF6C224758B200A82685 /* TypedNotificationsTests */,
				1870DF77224758B200A82685 /* TypedNotificationsUITests */,
			);
		};
/* End PBXProject section */

/* Begin PBXResourcesBuildPhase section */
		1870DF57224758AF00A82685 /* Resources */ = {
			isa = PBXResourcesBuildPhase;
			buildActionMask = 2147483647;
			files = (
				1870DF67224758B100A82685 /* LaunchScreen.storyboard in Resources */,
				1870DF64224758B100A82685 /* Assets.xcassets in Resources */,
				1870DF62224758B000A82685 /* Main.storyboard in Resources */,
			);
			runOnlyForDeploymentPostprocessing = 0;
		};
		1870DF6B224758B200A82685 /* Resources */ = {
			isa = PBXResourcesBuildPhase;
			buildActionMask = 2147483647;
			files = (
			);
			runOnlyForDeploymentPostprocessing = 0;
		};
		1870DF76224758B200A82685 /* Resources */ = {
			isa = PBXResourcesBuildPhase;
			buildActionMask = 2147483647;
			files = (
			);
			runOnlyForDeploymentPostprocessing = 0;
		};
/* End PBXResourcesBuildPhase section */

/* Begin PBXSourcesBuildPhase section */
		1870DF55224758AF00A82685 /* Sources */ = {
			isa = PBXSourcesBuildPhase;
			buildActionMask = 2147483647;
			files = (
				1870DF5F224758AF00A82685 /* ViewController.swift in Sources */,
				1870DF8B2247597000A82685 /* TypedNotifications.swift in Sources */,
				1870DF8D22475BEA00A82685 /* CommentChangeNotification.swift in Sources */,
				1870DF5D224758AF00A82685 /* AppDelegate.swift in Sources */,
			);
			runOnlyForDeploymentPostprocessing = 0;
		};
		1870DF69224758B200A82685 /* Sources */ = {
			isa = PBXSourcesBuildPhase;
			buildActionMask = 2147483647;
			files = (
				1870DF72224758B200A82685 /* TypedNotificationsTests.swift in Sources */,
			);
			runOnlyForDeploymentPostprocessing = 0;
		};
		1870DF74224758B200A82685 /* Sources */ = {
			isa = PBXSourcesBuildPhase;
			buildActionMask = 2147483647;
			files = (
				1870DF7D224758B200A82685 /* TypedNotificationsUITests.swift in Sources */,
			);
			runOnlyForDeploymentPostprocessing = 0;
		};
/* End PBXSourcesBuildPhase section */

/* Begin PBXTargetDependency section */
		1870DF6F224758B200A82685 /* PBXTargetDependency */ = {
			isa = PBXTargetDependency;
			target = 1870DF58224758AF00A82685 /* TypedNotifications */;
			targetProxy = 1870DF6E224758B200A82685 /* PBXContainerItemProxy */;
		};
		1870DF7A224758B200A82685 /* PBXTargetDependency */ = {
			isa = PBXTargetDependency;
			target = 1870DF58224758AF00A82685 /* TypedNotifications */;
			targetProxy = 1870DF79224758B200A82685 /* PBXContainerItemProxy */;
		};
/* End PBXTargetDependency section */

/* Begin PBXVariantGroup section */
		1870DF60224758AF00A82685 /* Main.storyboard */ = {
			isa = PBXVariantGroup;
			children = (
				1870DF61224758AF00A82685 /* Base */,
			);
			name = Main.storyboard;
			sourceTree = "<group>";
		};
		1870DF65224758B100A82685 /* LaunchScreen.storyboard */ = {
			isa = PBXVariantGroup;
			children = (
				1870DF66224758B100A82685 /* Base */,
			);
			name = LaunchScreen.storyboard;
			sourceTree = "<group>";
		};
/* End PBXVariantGroup section */

/* Begin XCBuildConfiguration section */
		1870DF7F224758B200A82685 /* Debug */ = {
			isa = XCBuildConfiguration;
			buildSettings = {
				ALWAYS_SEARCH_USER_PATHS = NO;
				CLANG_ANALYZER_NONNULL = YES;
				CLANG_ANALYZER_NUMBER_OBJECT_CONVERSION = YES_AGGRESSIVE;
				CLANG_CXX_LANGUAGE_STANDARD = "gnu++14";
				CLANG_CXX_LIBRARY = "libc++";
				CLANG_ENABLE_MODULES = YES;
				CLANG_ENABLE_OBJC_ARC = YES;
				CLANG_ENABLE_OBJC_WEAK = YES;
				CLANG_WARN_BLOCK_CAPTURE_AUTORELEASING = YES;
				CLANG_WARN_BOOL_CONVERSION = YES;
				CLANG_WARN_COMMA = YES;
				CLANG_WARN_CONSTANT_CONVERSION = YES;
				CLANG_WARN_DEPRECATED_OBJC_IMPLEMENTATIONS = YES;
				CLANG_WARN_DIRECT_OBJC_ISA_USAGE = YES_ERROR;
				CLANG_WARN_DOCUMENTATION_COMMENTS = YES;
				CLANG_WARN_EMPTY_BODY = YES;
				CLANG_WARN_ENUM_CONVERSION = YES;
				CLANG_WARN_INFINITE_RECURSION = YES;
				CLANG_WARN_INT_CONVERSION = YES;
				CLANG_WARN_NON_LITERAL_NULL_CONVERSION = YES;
				CLANG_WARN_OBJC_IMPLICIT_RETAIN_SELF = YES;
				CLANG_WARN_OBJC_LITERAL_CONVERSION = YES;
				CLANG_WARN_OBJC_ROOT_CLASS = YES_ERROR;
				CLANG_WARN_RANGE_LOOP_ANALYSIS = YES;
				CLANG_WARN_STRICT_PROTOTYPES = YES;
				CLANG_WARN_SUSPICIOUS_MOVE = YES;
				CLANG_WARN_UNGUARDED_AVAILABILITY = YES_AGGRESSIVE;
				CLANG_WARN_UNREACHABLE_CODE = YES;
				CLANG_WARN__DUPLICATE_METHOD_MATCH = YES;
				CODE_SIGN_IDENTITY = "iPhone Developer";
				COPY_PHASE_STRIP = NO;
				DEBUG_INFORMATION_FORMAT = dwarf;
				ENABLE_STRICT_OBJC_MSGSEND = YES;
				ENABLE_TESTABILITY = YES;
				GCC_C_LANGUAGE_STANDARD = gnu11;
				GCC_DYNAMIC_NO_PIC = NO;
				GCC_NO_COMMON_BLOCKS = YES;
				GCC_OPTIMIZATION_LEVEL = 0;
				GCC_PREPROCESSOR_DEFINITIONS = (
					"DEBUG=1",
					"$(inherited)",
				);
				GCC_WARN_64_TO_32_BIT_CONVERSION = YES;
				GCC_WARN_ABOUT_RETURN_TYPE = YES_ERROR;
				GCC_WARN_UNDECLARED_SELECTOR = YES;
				GCC_WARN_UNINITIALIZED_AUTOS = YES_AGGRESSIVE;
				GCC_WARN_UNUSED_FUNCTION = YES;
				GCC_WARN_UNUSED_VARIABLE = YES;
				IPHONEOS_DEPLOYMENT_TARGET = 12.1;
				MTL_ENABLE_DEBUG_INFO = INCLUDE_SOURCE;
				MTL_FAST_MATH = YES;
				ONLY_ACTIVE_ARCH = YES;
				SDKROOT = iphoneos;
				SWIFT_ACTIVE_COMPILATION_CONDITIONS = DEBUG;
				SWIFT_OPTIMIZATION_LEVEL = "-Onone";
			};
			name = Debug;
		};
		1870DF80224758B200A82685 /* Release */ = {
			isa = XCBuildConfiguration;
			buildSettings = {
				ALWAYS_SEARCH_USER_PATHS = NO;
				CLANG_ANALYZER_NONNULL = YES;
				CLANG_ANALYZER_NUMBER_OBJECT_CONVERSION = YES_AGGRESSIVE;
				CLANG_CXX_LANGUAGE_STANDARD = "gnu++14";
				CLANG_CXX_LIBRARY = "libc++";
				CLANG_ENABLE_MODULES = YES;
				CLANG_ENABLE_OBJC_ARC = YES;
				CLANG_ENABLE_OBJC_WEAK = YES;
				CLANG_WARN_BLOCK_CAPTURE_AUTORELEASING = YES;
				CLANG_WARN_BOOL_CONVERSION = YES;
				CLANG_WARN_COMMA = YES;
				CLANG_WARN_CONSTANT_CONVERSION = YES;
				CLANG_WARN_DEPRECATED_OBJC_IMPLEMENTATIONS = YES;
				CLANG_WARN_DIRECT_OBJC_ISA_USAGE = YES_ERROR;
				CLANG_WARN_DOCUMENTATION_COMMENTS = YES;
				CLANG_WARN_EMPTY_BODY = YES;
				CLANG_WARN_ENUM_CONVERSION = YES;
				CLANG_WARN_INFINITE_RECURSION = YES;
				CLANG_WARN_INT_CONVERSION = YES;
				CLANG_WARN_NON_LITERAL_NULL_CONVERSION = YES;
				CLANG_WARN_OBJC_IMPLICIT_RETAIN_SELF = YES;
				CLANG_WARN_OBJC_LITERAL_CONVERSION = YES;
				CLANG_WARN_OBJC_ROOT_CLASS = YES_ERROR;
				CLANG_WARN_RANGE_LOOP_ANALYSIS = YES;
				CLANG_WARN_STRICT_PROTOTYPES = YES;
				CLANG_WARN_SUSPICIOUS_MOVE = YES;
				CLANG_WARN_UNGUARDED_AVAILABILITY = YES_AGGRESSIVE;
				CLANG_WARN_UNREACHABLE_CODE = YES;
				CLANG_WARN__DUPLICATE_METHOD_MATCH = YES;
				CODE_SIGN_IDENTITY = "iPhone Developer";
				COPY_PHASE_STRIP = NO;
				DEBUG_INFORMATION_FORMAT = "dwarf-with-dsym";
				ENABLE_NS_ASSERTIONS = NO;
				ENABLE_STRICT_OBJC_MSGSEND = YES;
				GCC_C_LANGUAGE_STANDARD = gnu11;
				GCC_NO_COMMON_BLOCKS = YES;
				GCC_WARN_64_TO_32_BIT_CONVERSION = YES;
				GCC_WARN_ABOUT_RETURN_TYPE = YES_ERROR;
				GCC_WARN_UNDECLARED_SELECTOR = YES;
				GCC_WARN_UNINITIALIZED_AUTOS = YES_AGGRESSIVE;
				GCC_WARN_UNUSED_FUNCTION = YES;
				GCC_WARN_UNUSED_VARIABLE = YES;
				IPHONEOS_DEPLOYMENT_TARGET = 12.1;
				MTL_ENABLE_DEBUG_INFO = NO;
				MTL_FAST_MATH = YES;
				SDKROOT = iphoneos;
				SWIFT_COMPILATION_MODE = wholemodule;
				SWIFT_OPTIMIZATION_LEVEL = "-O";
				VALIDATE_PRODUCT = YES;
			};
			name = Release;
		};
		1870DF82224758B200A82685 /* Debug */ = {
			isa = XCBuildConfiguration;
			buildSettings = {
				ASSETCATALOG_COMPILER_APPICON_NAME = AppIcon;
				CODE_SIGN_STYLE = Automatic;
				DEVELOPMENT_TEAM = 4485E97UUA;
				INFOPLIST_FILE = TypedNotifications/Info.plist;
				LD_RUNPATH_SEARCH_PATHS = (
					"$(inherited)",
					"@executable_path/Frameworks",
				);
				PRODUCT_BUNDLE_IDENTIFIER = com.laofeng.iostips.TypedNotifications;
				PRODUCT_NAME = "$(TARGET_NAME)";
				SWIFT_VERSION = 4.2;
				TARGETED_DEVICE_FAMILY = "1,2";
			};
			name = Debug;
		};
		1870DF83224758B200A82685 /* Release */ = {
			isa = XCBuildConfiguration;
			buildSettings = {
				ASSETCATALOG_COMPILER_APPICON_NAME = AppIcon;
				CODE_SIGN_STYLE = Automatic;
				DEVELOPMENT_TEAM = 4485E97UUA;
				INFOPLIST_FILE = TypedNotifications/Info.plist;
				LD_RUNPATH_SEARCH_PATHS = (
					"$(inherited)",
					"@executable_path/Frameworks",
				);
				PRODUCT_BUNDLE_IDENTIFIER = com.laofeng.iostips.TypedNotifications;
				PRODUCT_NAME = "$(TARGET_NAME)";
				SWIFT_VERSION = 4.2;
				TARGETED_DEVICE_FAMILY = "1,2";
			};
			name = Release;
		};
		1870DF85224758B200A82685 /* Debug */ = {
			isa = XCBuildConfiguration;
			buildSettings = {
				ALWAYS_EMBED_SWIFT_STANDARD_LIBRARIES = YES;
				BUNDLE_LOADER = "$(TEST_HOST)";
				CODE_SIGN_STYLE = Automatic;
				DEVELOPMENT_TEAM = 4485E97UUA;
				INFOPLIST_FILE = TypedNotificationsTests/Info.plist;
				LD_RUNPATH_SEARCH_PATHS = (
					"$(inherited)",
					"@executable_path/Frameworks",
					"@loader_path/Frameworks",
				);
				PRODUCT_BUNDLE_IDENTIFIER = com.laofeng.iostips.TypedNotificationsTests;
				PRODUCT_NAME = "$(TARGET_NAME)";
				SWIFT_VERSION = 4.2;
				TARGETED_DEVICE_FAMILY = "1,2";
				TEST_HOST = "$(BUILT_PRODUCTS_DIR)/TypedNotifications.app/TypedNotifications";
			};
			name = Debug;
		};
		1870DF86224758B200A82685 /* Release */ = {
			isa = XCBuildConfiguration;
			buildSettings = {
				ALWAYS_EMBED_SWIFT_STANDARD_LIBRARIES = YES;
				BUNDLE_LOADER = "$(TEST_HOST)";
				CODE_SIGN_STYLE = Automatic;
				DEVELOPMENT_TEAM = 4485E97UUA;
				INFOPLIST_FILE = TypedNotificationsTests/Info.plist;
				LD_RUNPATH_SEARCH_PATHS = (
					"$(inherited)",
					"@executable_path/Frameworks",
					"@loader_path/Frameworks",
				);
				PRODUCT_BUNDLE_IDENTIFIER = com.laofeng.iostips.TypedNotificationsTests;
				PRODUCT_NAME = "$(TARGET_NAME)";
				SWIFT_VERSION = 4.2;
				TARGETED_DEVICE_FAMILY = "1,2";
				TEST_HOST = "$(BUILT_PRODUCTS_DIR)/TypedNotifications.app/TypedNotifications";
			};
			name = Release;
		};
		1870DF88224758B200A82685 /* Debug */ = {
			isa = XCBuildConfiguration;
			buildSettings = {
				ALWAYS_EMBED_SWIFT_STANDARD_LIBRARIES = YES;
				CODE_SIGN_STYLE = Automatic;
				DEVELOPMENT_TEAM = 4485E97UUA;
				INFOPLIST_FILE = TypedNotificationsUITests/Info.plist;
				LD_RUNPATH_SEARCH_PATHS = (
					"$(inherited)",
					"@executable_path/Frameworks",
					"@loader_path/Frameworks",
				);
				PRODUCT_BUNDLE_IDENTIFIER = com.laofeng.iostips.TypedNotificationsUITests;
				PRODUCT_NAME = "$(TARGET_NAME)";
				SWIFT_VERSION = 4.2;
				TARGETED_DEVICE_FAMILY = "1,2";
				TEST_TARGET_NAME = TypedNotifications;
			};
			name = Debug;
		};
		1870DF89224758B200A82685 /* Release */ = {
			isa = XCBuildConfiguration;
			buildSettings = {
				ALWAYS_EMBED_SWIFT_STANDARD_LIBRARIES = YES;
				CODE_SIGN_STYLE = Automatic;
				DEVELOPMENT_TEAM = 4485E97UUA;
				INFOPLIST_FILE = TypedNotificationsUITests/Info.plist;
				LD_RUNPATH_SEARCH_PATHS = (
					"$(inherited)",
					"@executable_path/Frameworks",
					"@loader_path/Frameworks",
				);
				PRODUCT_BUNDLE_IDENTIFIER = com.laofeng.iostips.TypedNotificationsUITests;
				PRODUCT_NAME = "$(TARGET_NAME)";
				SWIFT_VERSION = 4.2;
				TARGETED_DEVICE_FAMILY = "1,2";
				TEST_TARGET_NAME = TypedNotifications;
			};
			name = Release;
		};
/* End XCBuildConfiguration section */

/* Begin XCConfigurationList section */
		1870DF54224758AF00A82685 /* Build configuration list for PBXProject "TypedNotifications" */ = {
			isa = XCConfigurationList;
			buildConfigurations = (
				1870DF7F224758B200A82685 /* Debug */,
				1870DF80224758B200A82685 /* Release */,
			);
			defaultConfigurationIsVisible = 0;
			defaultConfigurationName = Release;
		};
		1870DF81224758B200A82685 /* Build configuration list for PBXNativeTarget "TypedNotifications" */ = {
			isa = XCConfigurationList;
			buildConfigurations = (
				1870DF82224758B200A82685 /* Debug */,
				1870DF83224758B200A82685 /* Release */,
			);
			defaultConfigurationIsVisible = 0;
			defaultConfigurationName = Release;
		};
		1870DF84224758B200A82685 /* Build configuration list for PBXNativeTarget "TypedNotificationsTests" */ = {
			isa = XCConfigurationList;
			buildConfigurations = (
				1870DF85224758B200A82685 /* Debug */,
				1870DF86224758B200A82685 /* Release */,
			);
			defaultConfigurationIsVisible = 0;
			defaultConfigurationName = Release;
		};
		1870DF87224758B200A82685 /* Build configuration list for PBXNativeTarget "TypedNotificationsUITests" */ = {
			isa = XCConfigurationList;
			buildConfigurations = (
				1870DF88224758B200A82685 /* Debug */,
				1870DF89224758B200A82685 /* Release */,
			);
			defaultConfigurationIsVisible = 0;
			defaultConfigurationName = Release;
		};
/* End XCConfigurationList section */
	};
	rootObject = 1870DF51224758AF00A82685 /* Project object */;
}
